# This file is automatically @generated by Poetry 1.8.3 and should not be changed by hand.

[[package]]
name = "click"
version = "8.1.7"
description = "Composable command line interface toolkit"
optional = false
python-versions = ">=3.7"
files = [
    {file = "click-8.1.7-py3-none-any.whl", hash = "sha256:ae74fb96c20a0277a1d615f1e4d73c8414f5a98db8b799a7931d1582f3390c28"},
    {file = "click-8.1.7.tar.gz", hash = "sha256:ca9853ad459e787e2192211578cc907e7594e294c7ccc834310722b41b9ca6de"},
]

[package.dependencies]
colorama = {version = "*", markers = "platform_system == \"Windows\""}

[[package]]
name = "colorama"
version = "0.4.6"
description = "Cross-platform colored terminal text."
optional = false
python-versions = "!=3.0.*,!=3.1.*,!=3.2.*,!=3.3.*,!=3.4.*,!=3.5.*,!=3.6.*,>=2.7"
files = [
    {file = "colorama-0.4.6-py2.py3-none-any.whl", hash = "sha256:4f1d9991f5acc0ca119f9d443620b77f9d6b33703e51011c16baf57afb285fc6"},
    {file = "colorama-0.4.6.tar.gz", hash = "sha256:08695f5cb7ed6e0531a20572697297273c47b8cae5a63ffc6d6ed5c201be6e44"},
]

[[package]]
name = "dulwich"
version = "0.22.1"
description = "Python Git Library"
optional = false
python-versions = ">=3.7"
files = [
    {file = "dulwich-0.22.1-cp310-cp310-macosx_10_9_x86_64.whl", hash = "sha256:892914dc2e80403d16e59a3b440044f6092fde5ffd4ec1fdf36d6ff20a8e624d"},
    {file = "dulwich-0.22.1-cp310-cp310-manylinux_2_17_x86_64.manylinux2014_x86_64.whl", hash = "sha256:b03092399f0f5d3e112405b890128afdb9e1f203eafb812f5d9105b0f5fac9d4"},
    {file = "dulwich-0.22.1-cp310-cp310-manylinux_2_5_i686.manylinux1_i686.manylinux_2_17_i686.manylinux2014_i686.whl", hash = "sha256:a2c790517ed884bc1b1590806222ab44989eeb7e7f14dfa915561c7ee3b9ac73"},
    {file = "dulwich-0.22.1-cp310-cp310-win32.whl", hash = "sha256:524d3497a86f79959c9c1d729715d60d8171ed3f71621d45afb4faee5a47e8a1"},
    {file = "dulwich-0.22.1-cp310-cp310-win_amd64.whl", hash = "sha256:d3146843b972f744aed551e8ac9fac5714baa864393e480586d467b7b4488426"},
    {file = "dulwich-0.22.1-cp311-cp311-macosx_10_9_x86_64.whl", hash = "sha256:82f26e592e9a36ab33bcdb419c7d53320e26c85dfc254cdb84f5f561a2fcaabf"},
    {file = "dulwich-0.22.1-cp311-cp311-manylinux_2_17_x86_64.manylinux2014_x86_64.whl", hash = "sha256:e90b8a2f24149c5803b733a24f1a016a2943b1f5a9ab2360db545e4638354c35"},
    {file = "dulwich-0.22.1-cp311-cp311-manylinux_2_5_i686.manylinux1_i686.manylinux_2_17_i686.manylinux2014_i686.whl", hash = "sha256:b069639757b2f287f9cd0daf6765b536558c5e28263bbbb28e3d1925bce75400"},
    {file = "dulwich-0.22.1-cp311-cp311-win32.whl", hash = "sha256:3ae006498fea11515027a417e6e68b82e1c195d3516188ba2cc08210e3022d14"},
    {file = "dulwich-0.22.1-cp311-cp311-win_amd64.whl", hash = "sha256:a18d1392eabd02f337dcba23d723a4dcca87274ce8693cf88e6320f38bc3fdcd"},
    {file = "dulwich-0.22.1-cp312-cp312-macosx_10_9_x86_64.whl", hash = "sha256:12482e318895da9acabea7c0cc70b35d36833e7cb2def511ab3a63617f5c1af3"},
    {file = "dulwich-0.22.1-cp312-cp312-manylinux_2_17_x86_64.manylinux2014_x86_64.whl", hash = "sha256:6dc42afedc8cda4f2fd15a06d2e9e41281074a02cdf31bb2e0dde4d80766a408"},
    {file = "dulwich-0.22.1-cp312-cp312-manylinux_2_5_i686.manylinux1_i686.manylinux_2_17_i686.manylinux2014_i686.whl", hash = "sha256:e3c7774232a2c9b195bde4fb72ad71455e877a9e4e9c0b17a57b1d9bd478838c"},
    {file = "dulwich-0.22.1-cp312-cp312-win32.whl", hash = "sha256:41dfc52db29a06fe23a5029abc3bc13503e28233b1c3a9614bc1e5c4d6adc1ce"},
    {file = "dulwich-0.22.1-cp312-cp312-win_amd64.whl", hash = "sha256:9d19f04ecd4628a0e4587b4c4e98e040b87924c1362ae5aa27420435f05d5dd8"},
    {file = "dulwich-0.22.1-cp37-cp37m-macosx_10_9_x86_64.whl", hash = "sha256:0d72a88c7af8fafa14c8743e8923c8d46bd0b850a0b7f5e34eb49201f1ead88e"},
    {file = "dulwich-0.22.1-cp37-cp37m-manylinux_2_17_x86_64.manylinux2014_x86_64.whl", hash = "sha256:5e36c8a3bb09db5730b3d5014d087bce977e878825cdd7ba8285abcd81c43bc0"},
    {file = "dulwich-0.22.1-cp37-cp37m-manylinux_2_5_i686.manylinux1_i686.manylinux_2_17_i686.manylinux2014_i686.whl", hash = "sha256:fd51e77ff1b4ca08bc9b09b85646a3e77f275827b7b30180d76d769ce608e64d"},
    {file = "dulwich-0.22.1-cp37-cp37m-win32.whl", hash = "sha256:739ef91aeb13fa2aa187d0efd46d0ac168301f54a6ef748565c42876b4b3ce71"},
    {file = "dulwich-0.22.1-cp37-cp37m-win_amd64.whl", hash = "sha256:91966b7b48ec939e5083b03c9154fc450508056f01650ecb58724095307427f5"},
    {file = "dulwich-0.22.1-cp38-cp38-macosx_10_9_x86_64.whl", hash = "sha256:86be1e283d78cc3f7daee1dcd0254122160cde71ca8c5348315156045f8ac2bb"},
    {file = "dulwich-0.22.1-cp38-cp38-manylinux_2_17_x86_64.manylinux2014_x86_64.whl", hash = "sha256:926d671654a2f8cfa0b2fcb6b0c46833af95b5265d27a5c56c49c5a10f3ff3ba"},
    {file = "dulwich-0.22.1-cp38-cp38-manylinux_2_5_i686.manylinux1_i686.manylinux_2_17_i686.manylinux2014_i686.whl", hash = "sha256:467ff87fc4c61a23424b32acd952476ba17e7f7eeb8090e5957f68129784a35f"},
    {file = "dulwich-0.22.1-cp38-cp38-win32.whl", hash = "sha256:f9e10678fe0692c5167553981d97cbe342ed055c49016aef10da336e2962b1f2"},
    {file = "dulwich-0.22.1-cp38-cp38-win_amd64.whl", hash = "sha256:6386165c64ba5f61c416301f7f32bb899f8200ca575d76888697a42fda8a92d2"},
    {file = "dulwich-0.22.1-cp39-cp39-macosx_10_9_x86_64.whl", hash = "sha256:84db8aef08df6431b017cc3abe57b3d6885fd7436eec8d715603c309353b233c"},
    {file = "dulwich-0.22.1-cp39-cp39-manylinux_2_17_x86_64.manylinux2014_x86_64.whl", hash = "sha256:155124219e6ce4b116d30ed1b9cc63c88021966b29ce761d3ce3caba064f9a13"},
    {file = "dulwich-0.22.1-cp39-cp39-manylinux_2_5_i686.manylinux1_i686.manylinux_2_17_i686.manylinux2014_i686.whl", hash = "sha256:7579429e89deac6659b4ea70eb3de9063bb40508fd4a8a020fa67b02e0b59f4f"},
    {file = "dulwich-0.22.1-cp39-cp39-win32.whl", hash = "sha256:454d073e628043dde4f9bd34517736c1889dbe6417099bbae2119873b8d4d5da"},
    {file = "dulwich-0.22.1-cp39-cp39-win_amd64.whl", hash = "sha256:e1b51d26108a832f151da8856a93676cc1a5cd8dd0bc20f06f4aee5774a7f0f9"},
    {file = "dulwich-0.22.1-pp310-pypy310_pp73-macosx_10_9_x86_64.whl", hash = "sha256:4c509e8172b9438536946097768413f297229b03eff064e4e06749cf5c28df78"},
    {file = "dulwich-0.22.1-pp310-pypy310_pp73-manylinux_2_17_x86_64.manylinux2014_x86_64.whl", hash = "sha256:64eebe1d709539d6e80440fa1185f1eeb260d53bcb6435b1f753b4ce90a65e82"},
    {file = "dulwich-0.22.1-pp310-pypy310_pp73-manylinux_2_5_i686.manylinux1_i686.manylinux_2_17_i686.manylinux2014_i686.whl", hash = "sha256:52a8ddd1d9b5681de216a7af718720f5202d3c093ecc10dd4dfac6d25da605a6"},
    {file = "dulwich-0.22.1-pp310-pypy310_pp73-win_amd64.whl", hash = "sha256:7244b796dd7e191753b822ac0ca871a4b9139b0b850770ac5bd347d5f8c76768"},
    {file = "dulwich-0.22.1-pp37-pypy37_pp73-macosx_10_9_x86_64.whl", hash = "sha256:e7798e842ec506d25f21e825259b70109325ac1c9b43c2e287aad7559455951b"},
    {file = "dulwich-0.22.1-pp37-pypy37_pp73-manylinux_2_17_x86_64.manylinux2014_x86_64.whl", hash = "sha256:ac9fcf7c5cf1e9d0bcc643672f81bf43ec81f6495b99809649f5bfcdff633ab0"},
    {file = "dulwich-0.22.1-pp37-pypy37_pp73-manylinux_2_5_i686.manylinux1_i686.manylinux_2_17_i686.manylinux2014_i686.whl", hash = "sha256:e346c1b86c5e5f175ca8f87f3873eea8b2e0eeb5d52033b475cf85641cb200c2"},
    {file = "dulwich-0.22.1-pp37-pypy37_pp73-win_amd64.whl", hash = "sha256:b2054e1f2c7041857ce129443bde23298ca37592ce82f0fb5ed5704d5f3708dd"},
    {file = "dulwich-0.22.1-pp38-pypy38_pp73-macosx_10_9_x86_64.whl", hash = "sha256:3ad3462d070b678fe61d3bdd7c6ac3fdbd25cca66f32b6edf589dd88fff251d2"},
    {file = "dulwich-0.22.1-pp38-pypy38_pp73-manylinux_2_17_x86_64.manylinux2014_x86_64.whl", hash = "sha256:1bc6575476539c0b4924abab3896fc76be2f413d5baa6b083c4dfc4abc59329e"},
    {file = "dulwich-0.22.1-pp38-pypy38_pp73-manylinux_2_5_i686.manylinux1_i686.manylinux_2_17_i686.manylinux2014_i686.whl", hash = "sha256:3de7a2eba26ff13a79670f78f73fc86fb8c87100508119f3b6bd61451bfdd4bf"},
    {file = "dulwich-0.22.1-pp38-pypy38_pp73-win_amd64.whl", hash = "sha256:b2c3186cf76d598a9d42b35e09ef35d499118b4197624ba5bba1b3a39ac6a75f"},
    {file = "dulwich-0.22.1-pp39-pypy39_pp73-macosx_10_9_x86_64.whl", hash = "sha256:3a366cdba24b8df31ad70b82bae55baa696c453678c1346da8390396a1d5cce4"},
    {file = "dulwich-0.22.1-pp39-pypy39_pp73-manylinux_2_17_x86_64.manylinux2014_x86_64.whl", hash = "sha256:3fb61891b2675664dc89d486eb5199e3659179ae04fc0a863ffc7e16b782b624"},
    {file = "dulwich-0.22.1-pp39-pypy39_pp73-manylinux_2_5_i686.manylinux1_i686.manylinux_2_17_i686.manylinux2014_i686.whl", hash = "sha256:0ea4c5feedd35e8bde175a9ab91ef6705c3cef5ee209eeb2f67dd0b59ff1825f"},
    {file = "dulwich-0.22.1-pp39-pypy39_pp73-win_amd64.whl", hash = "sha256:20f61f6dc0b075ca6459acbfb9527ee0e1ee02dccbed126dc492600bb7310d86"},
    {file = "dulwich-0.22.1.tar.gz", hash = "sha256:e36d85967cfbf25da1c7bc3d6921adc5baa976969d926aaf1582bd5fd7e94758"},
]

[package.dependencies]
setuptools = {version = "*", markers = "python_version >= \"3.12\""}
urllib3 = ">=1.25"

[package.extras]
fastimport = ["fastimport"]
https = ["urllib3 (>=1.24.1)"]
paramiko = ["paramiko"]
pgp = ["gpg"]

[[package]]
name = "exceptiongroup"
version = "1.2.2"
description = "Backport of PEP 654 (exception groups)"
optional = false
python-versions = ">=3.7"
files = [
    {file = "exceptiongroup-1.2.2-py3-none-any.whl", hash = "sha256:3111b9d131c238bec2f8f516e123e14ba243563fb135d3fe885990585aa7795b"},
    {file = "exceptiongroup-1.2.2.tar.gz", hash = "sha256:47c2edf7c6738fafb49fd34290706d1a1a2f4d1c6df275526b62cbb4aa5393cc"},
]

[package.extras]
test = ["pytest (>=6)"]

[[package]]
name = "iniconfig"
version = "2.0.0"
description = "brain-dead simple config-ini parsing"
optional = false
python-versions = ">=3.7"
files = [
    {file = "iniconfig-2.0.0-py3-none-any.whl", hash = "sha256:b6a85871a79d2e3b22d2d1b94ac2824226a63c6b741c88f7ae975f18b6778374"},
    {file = "iniconfig-2.0.0.tar.gz", hash = "sha256:2d91e135bf72d31a410b17c16da610a82cb55f6b0477d1a902134b24a455b8b3"},
]

[[package]]
name = "mistletoe"
version = "1.4.0"
description = "A fast, extensible Markdown parser in pure Python."
optional = false
python-versions = "~=3.5"
files = [
    {file = "mistletoe-1.4.0-py3-none-any.whl", hash = "sha256:44a477803861de1237ba22e375c6b617690a31d2902b47279d1f8f7ed498a794"},
    {file = "mistletoe-1.4.0.tar.gz", hash = "sha256:1630f906e5e4bbe66fdeb4d29d277e2ea515d642bb18a9b49b136361a9818c9d"},
]

[[package]]
name = "packaging"
version = "24.1"
description = "Core utilities for Python packages"
optional = false
python-versions = ">=3.8"
files = [
    {file = "packaging-24.1-py3-none-any.whl", hash = "sha256:5b8f2217dbdbd2f7f384c41c628544e6d52f2d0f53c6d0c3ea61aa5d1d7ff124"},
    {file = "packaging-24.1.tar.gz", hash = "sha256:026ed72c8ed3fcce5bf8950572258698927fd1dbda10a5e981cdf0ac37f4f002"},
]

[[package]]
name = "pluggy"
version = "1.5.0"
description = "plugin and hook calling mechanisms for python"
optional = false
python-versions = ">=3.8"
files = [
    {file = "pluggy-1.5.0-py3-none-any.whl", hash = "sha256:44e1ad92c8ca002de6377e165f3e0f1be63266ab4d554740532335b9d75ea669"},
    {file = "pluggy-1.5.0.tar.gz", hash = "sha256:2cffa88e94fdc978c4c574f15f9e59b7f4201d439195c3715ca9e2486f1d0cf1"},
]

[package.extras]
dev = ["pre-commit", "tox"]
testing = ["pytest", "pytest-benchmark"]

[[package]]
name = "pytest"
version = "8.3.3"
description = "pytest: simple powerful testing with Python"
optional = false
python-versions = ">=3.8"
files = [
    {file = "pytest-8.3.3-py3-none-any.whl", hash = "sha256:a6853c7375b2663155079443d2e45de913a911a11d669df02a50814944db57b2"},
    {file = "pytest-8.3.3.tar.gz", hash = "sha256:70b98107bd648308a7952b06e6ca9a50bc660be218d53c257cc1fc94fda10181"},
]

[package.dependencies]
colorama = {version = "*", markers = "sys_platform == \"win32\""}
exceptiongroup = {version = ">=1.0.0rc8", markers = "python_version < \"3.11\""}
iniconfig = "*"
packaging = "*"
pluggy = ">=1.5,<2"
tomli = {version = ">=1", markers = "python_version < \"3.11\""}

[package.extras]
dev = ["argcomplete", "attrs (>=19.2)", "hypothesis (>=3.56)", "mock", "pygments (>=2.7.2)", "requests", "setuptools", "xmlschema"]

[[package]]
name = "setuptools"
version = "75.1.0"
description = "Easily download, build, install, upgrade, and uninstall Python packages"
optional = false
python-versions = ">=3.8"
files = [
    {file = "setuptools-75.1.0-py3-none-any.whl", hash = "sha256:35ab7fd3bcd95e6b7fd704e4a1539513edad446c097797f2985e0e4b960772f2"},
    {file = "setuptools-75.1.0.tar.gz", hash = "sha256:d59a21b17a275fb872a9c3dae73963160ae079f1049ed956880cd7c09b120538"},
]

[package.extras]
check = ["pytest-checkdocs (>=2.4)", "pytest-ruff (>=0.2.1)", "ruff (>=0.5.2)"]
core = ["importlib-metadata (>=6)", "importlib-resources (>=5.10.2)", "jaraco.collections", "jaraco.functools", "jaraco.text (>=3.7)", "more-itertools", "more-itertools (>=8.8)", "packaging", "packaging (>=24)", "platformdirs (>=2.6.2)", "tomli (>=2.0.1)", "wheel (>=0.43.0)"]
cover = ["pytest-cov"]
doc = ["furo", "jaraco.packaging (>=9.3)", "jaraco.tidelift (>=1.4)", "pygments-github-lexers (==0.0.5)", "pyproject-hooks (!=1.1)", "rst.linker (>=1.9)", "sphinx (>=3.5)", "sphinx-favicon", "sphinx-inline-tabs", "sphinx-lint", "sphinx-notfound-page (>=1,<2)", "sphinx-reredirects", "sphinxcontrib-towncrier", "towncrier (<24.7)"]
enabler = ["pytest-enabler (>=2.2)"]
test = ["build[virtualenv] (>=1.0.3)", "filelock (>=3.4.0)", "ini2toml[lite] (>=0.14)", "jaraco.develop (>=7.21)", "jaraco.envs (>=2.2)", "jaraco.path (>=3.2.0)", "jaraco.test", "packaging (>=23.2)", "pip (>=19.1)", "pyproject-hooks (!=1.1)", "pytest (>=6,!=8.1.*)", "pytest-home (>=0.5)", "pytest-perf", "pytest-subprocess", "pytest-timeout", "pytest-xdist (>=3)", "tomli-w (>=1.0.0)", "virtualenv (>=13.0.0)", "wheel (>=0.44.0)"]
type = ["importlib-metadata (>=7.0.2)", "jaraco.develop (>=7.21)", "mypy (==1.11.*)", "pytest-mypy"]

[[package]]
name = "tomli"
version = "2.0.1"
description = "A lil' TOML parser"
optional = false
python-versions = ">=3.7"
files = [
    {file = "tomli-2.0.1-py3-none-any.whl", hash = "sha256:939de3e7a6161af0c887ef91b7d41a53e7c5a1ca976325f429cb46ea9bc30ecc"},
    {file = "tomli-2.0.1.tar.gz", hash = "sha256:de526c12914f0c550d15924c62d72abc48d6fe7364aa87328337a31007fe8a4f"},
]

[[package]]
name = "urllib3"
version = "2.2.3"
description = "HTTP library with thread-safe connection pooling, file post, and more."
optional = false
python-versions = ">=3.8"
files = [
    {file = "urllib3-2.2.3-py3-none-any.whl", hash = "sha256:ca899ca043dcb1bafa3e262d73aa25c465bfb49e0bd9dd5d59f1d0acba2f8fac"},
    {file = "urllib3-2.2.3.tar.gz", hash = "sha256:e7d814a81dad81e6caf2ec9fdedb284ecc9c73076b62654547cc64ccdcae26e9"},
]

[package.extras]
brotli = ["brotli (>=1.0.9)", "brotlicffi (>=0.8.0)"]
h2 = ["h2 (>=4,<5)"]
socks = ["pysocks (>=1.5.6,!=1.5.7,<2.0)"]
zstd = ["zstandard (>=0.18.0)"]

[metadata]
lock-version = "2.0"
python-versions = "^3.8"
content-hash = "f0f106314c9d0944c41126f62f39d0f320a370d3d20239a405dafd834dedfdd8"
